
Microsoft Visual Studio Solution File, Format Version 12.00
# Visual Studio 2012
Project("{2150E333-8FDC-42A3-9474-1A3956D46DE8}") = "BackEnd", "BackEnd", "{73A36276-B2C9-404F-9EF8-4DC50245FBF9}"
EndProject
Project("{2150E333-8FDC-42A3-9474-1A3956D46DE8}") = "Aplicacao", "Aplicacao", "{C9616493-0514-4EDA-9F05-5D10643455CE}"
EndProject
Project("{FAE04EC0-301F-11D3-BF4B-00C04F79EFBC}") = "WeSent.Aplicacoes", "Aplicacoes\WeSent.Aplicacoes.csproj", "{826EE9F5-759F-4773-AF25-B8AC77EDBC57}"
EndProject
Project("{FAE04EC0-301F-11D3-BF4B-00C04F79EFBC}") = "WeSent.IAplicacoes", "IAplicacoes\WeSent.IAplicacoes.csproj", "{DA92ED9D-328C-425E-84E4-A74BC31ECF46}"
EndProject
Project("{2150E333-8FDC-42A3-9474-1A3956D46DE8}") = "Negocio", "Negocio", "{AB104D48-D1E4-401A-943B-36E7614A8314}"
EndProject
Project("{FAE04EC0-301F-11D3-BF4B-00C04F79EFBC}") = "WeSent.INegocios", "WeSent.INegocios\WeSent.INegocios.csproj", "{03681B89-363B-49A8-8BCB-0EB0F075F519}"
EndProject
Project("{FAE04EC0-301F-11D3-BF4B-00C04F79EFBC}") = "WeSent.Negocios", "WeSent.Negocios\WeSent.Negocios.csproj", "{2CB45FB3-21B5-4E28-A6AA-29B6447F02BA}"
EndProject
Project("{2150E333-8FDC-42A3-9474-1A3956D46DE8}") = "Repositorio", "Repositorio", "{CE270FA8-BCC1-4A00-94FD-93639FC38D8C}"
EndProject
Project("{FAE04EC0-301F-11D3-BF4B-00C04F79EFBC}") = "WeSent.IRepositorios", "WeSent.IRepositorios\WeSent.IRepositorios.csproj", "{80101D80-339E-40F8-A47F-C77C922F9417}"
EndProject
Project("{FAE04EC0-301F-11D3-BF4B-00C04F79EFBC}") = "WeSent.Repositorios", "WeSent.Repositorios\WeSent.Repositorios.csproj", "{7C498B71-A70E-468F-AD4E-71C8F5F710C4}"
EndProject
Project("{FAE04EC0-301F-11D3-BF4B-00C04F79EFBC}") = "WeSent.Dependencias", "WeSent.Dependencias\WeSent.Dependencias.csproj", "{58CCBCEC-A993-4E47-989F-47C273A4AB57}"
EndProject
Project("{FAE04EC0-301F-11D3-BF4B-00C04F79EFBC}") = "WeSent.Entidades", "WeSent.Entidades\WeSent.Entidades.csproj", "{F2795EAB-D75F-41E0-B0F0-8ED0EF7A23D9}"
EndProject
Project("{2150E333-8FDC-42A3-9474-1A3956D46DE8}") = "Comum", "Comum", "{81509F44-34D6-4589-B1AE-D6231171E12E}"
EndProject
Project("{FAE04EC0-301F-11D3-BF4B-00C04F79EFBC}") = "WeSent.Modelos", "WeSent.Modelos\WeSent.Modelos.csproj", "{4C286C38-CC9C-45CB-8966-1D9B78B7B11B}"
EndProject
Project("{FAE04EC0-301F-11D3-BF4B-00C04F79EFBC}") = "WeSent.Comum", "WeSent.Modelos\WeSent.Comum\WeSent.Comum.csproj", "{5AC13B41-E92F-45E0-807F-70BAB2CA79C1}"
EndProject
Global
	GlobalSection(SolutionConfigurationPlatforms) = preSolution
		Debug|Any CPU = Debug|Any CPU
		Release|Any CPU = Release|Any CPU
	EndGlobalSection
	GlobalSection(ProjectConfigurationPlatforms) = postSolution
		{03681B89-363B-49A8-8BCB-0EB0F075F519}.Debug|Any CPU.ActiveCfg = Debug|Any CPU
		{03681B89-363B-49A8-8BCB-0EB0F075F519}.Debug|Any CPU.Build.0 = Debug|Any CPU
		{03681B89-363B-49A8-8BCB-0EB0F075F519}.Release|Any CPU.ActiveCfg = Release|Any CPU
		{03681B89-363B-49A8-8BCB-0EB0F075F519}.Release|Any CPU.Build.0 = Release|Any CPU
		{2CB45FB3-21B5-4E28-A6AA-29B6447F02BA}.Debug|Any CPU.ActiveCfg = Debug|Any CPU
		{2CB45FB3-21B5-4E28-A6AA-29B6447F02BA}.Debug|Any CPU.Build.0 = Debug|Any CPU
		{2CB45FB3-21B5-4E28-A6AA-29B6447F02BA}.Release|Any CPU.ActiveCfg = Release|Any CPU
		{2CB45FB3-21B5-4E28-A6AA-29B6447F02BA}.Release|Any CPU.Build.0 = Release|Any CPU
		{4C286C38-CC9C-45CB-8966-1D9B78B7B11B}.Debug|Any CPU.ActiveCfg = Debug|Any CPU
		{4C286C38-CC9C-45CB-8966-1D9B78B7B11B}.Debug|Any CPU.Build.0 = Debug|Any CPU
		{4C286C38-CC9C-45CB-8966-1D9B78B7B11B}.Release|Any CPU.ActiveCfg = Release|Any CPU
		{4C286C38-CC9C-45CB-8966-1D9B78B7B11B}.Release|Any CPU.Build.0 = Release|Any CPU
		{58CCBCEC-A993-4E47-989F-47C273A4AB57}.Debug|Any CPU.ActiveCfg = Debug|Any CPU
		{58CCBCEC-A993-4E47-989F-47C273A4AB57}.Debug|Any CPU.Build.0 = Debug|Any CPU
		{58CCBCEC-A993-4E47-989F-47C273A4AB57}.Release|Any CPU.ActiveCfg = Release|Any CPU
		{58CCBCEC-A993-4E47-989F-47C273A4AB57}.Release|Any CPU.Build.0 = Release|Any CPU
		{5AC13B41-E92F-45E0-807F-70BAB2CA79C1}.Debug|Any CPU.ActiveCfg = Debug|Any CPU
		{5AC13B41-E92F-45E0-807F-70BAB2CA79C1}.Debug|Any CPU.Build.0 = Debug|Any CPU
		{5AC13B41-E92F-45E0-807F-70BAB2CA79C1}.Release|Any CPU.ActiveCfg = Release|Any CPU
		{5AC13B41-E92F-45E0-807F-70BAB2CA79C1}.Release|Any CPU.Build.0 = Release|Any CPU
		{7C498B71-A70E-468F-AD4E-71C8F5F710C4}.Debug|Any CPU.ActiveCfg = Debug|Any CPU
		{7C498B71-A70E-468F-AD4E-71C8F5F710C4}.Debug|Any CPU.Build.0 = Debug|Any CPU
		{7C498B71-A70E-468F-AD4E-71C8F5F710C4}.Release|Any CPU.ActiveCfg = Release|Any CPU
		{7C498B71-A70E-468F-AD4E-71C8F5F710C4}.Release|Any CPU.Build.0 = Release|Any CPU
		{80101D80-339E-40F8-A47F-C77C922F9417}.Debug|Any CPU.ActiveCfg = Debug|Any CPU
		{80101D80-339E-40F8-A47F-C77C922F9417}.Debug|Any CPU.Build.0 = Debug|Any CPU
		{80101D80-339E-40F8-A47F-C77C922F9417}.Release|Any CPU.ActiveCfg = Release|Any CPU
		{80101D80-339E-40F8-A47F-C77C922F9417}.Release|Any CPU.Build.0 = Release|Any CPU
		{826EE9F5-759F-4773-AF25-B8AC77EDBC57}.Debug|Any CPU.ActiveCfg = Debug|Any CPU
		{826EE9F5-759F-4773-AF25-B8AC77EDBC57}.Debug|Any CPU.Build.0 = Debug|Any CPU
		{826EE9F5-759F-4773-AF25-B8AC77EDBC57}.Release|Any CPU.ActiveCfg = Release|Any CPU
		{826EE9F5-759F-4773-AF25-B8AC77EDBC57}.Release|Any CPU.Build.0 = Release|Any CPU
		{DA92ED9D-328C-425E-84E4-A74BC31ECF46}.Debug|Any CPU.ActiveCfg = Debug|Any CPU
		{DA92ED9D-328C-425E-84E4-A74BC31ECF46}.Debug|Any CPU.Build.0 = Debug|Any CPU
		{DA92ED9D-328C-425E-84E4-A74BC31ECF46}.Release|Any CPU.ActiveCfg = Release|Any CPU
		{DA92ED9D-328C-425E-84E4-A74BC31ECF46}.Release|Any CPU.Build.0 = Release|Any CPU
		{F2795EAB-D75F-41E0-B0F0-8ED0EF7A23D9}.Debug|Any CPU.ActiveCfg = Debug|Any CPU
		{F2795EAB-D75F-41E0-B0F0-8ED0EF7A23D9}.Debug|Any CPU.Build.0 = Debug|Any CPU
		{F2795EAB-D75F-41E0-B0F0-8ED0EF7A23D9}.Release|Any CPU.ActiveCfg = Release|Any CPU
		{F2795EAB-D75F-41E0-B0F0-8ED0EF7A23D9}.Release|Any CPU.Build.0 = Release|Any CPU
	EndGlobalSection
	GlobalSection(NestedProjects) = preSolution
		{C9616493-0514-4EDA-9F05-5D10643455CE} = {73A36276-B2C9-404F-9EF8-4DC50245FBF9}
		{AB104D48-D1E4-401A-943B-36E7614A8314} = {73A36276-B2C9-404F-9EF8-4DC50245FBF9}
		{CE270FA8-BCC1-4A00-94FD-93639FC38D8C} = {73A36276-B2C9-404F-9EF8-4DC50245FBF9}
		{58CCBCEC-A993-4E47-989F-47C273A4AB57} = {73A36276-B2C9-404F-9EF8-4DC50245FBF9}
		{F2795EAB-D75F-41E0-B0F0-8ED0EF7A23D9} = {73A36276-B2C9-404F-9EF8-4DC50245FBF9}
		{826EE9F5-759F-4773-AF25-B8AC77EDBC57} = {C9616493-0514-4EDA-9F05-5D10643455CE}
		{DA92ED9D-328C-425E-84E4-A74BC31ECF46} = {C9616493-0514-4EDA-9F05-5D10643455CE}
		{03681B89-363B-49A8-8BCB-0EB0F075F519} = {AB104D48-D1E4-401A-943B-36E7614A8314}
		{2CB45FB3-21B5-4E28-A6AA-29B6447F02BA} = {AB104D48-D1E4-401A-943B-36E7614A8314}
		{80101D80-339E-40F8-A47F-C77C922F9417} = {CE270FA8-BCC1-4A00-94FD-93639FC38D8C}
		{7C498B71-A70E-468F-AD4E-71C8F5F710C4} = {CE270FA8-BCC1-4A00-94FD-93639FC38D8C}
		{4C286C38-CC9C-45CB-8966-1D9B78B7B11B} = {81509F44-34D6-4589-B1AE-D6231171E12E}
		{5AC13B41-E92F-45E0-807F-70BAB2CA79C1} = {81509F44-34D6-4589-B1AE-D6231171E12E}
	EndGlobalSection
EndGlobal
